
Microsoft Visual Studio Solution File, Format Version 12.00
# Visual Studio Version 17
VisualStudioVersion = 17.8.34316.72
MinimumVisualStudioVersion = 10.0.40219.1
Project("{FAE04EC0-301F-11D3-BF4B-00C04F79EFBC}") = "Notepad", "Notepad\Notepad.csproj", "{72C20E3D-E29C-4240-ADAC-3E1AF1D0D0E1}"
EndProject
Global
	GlobalSection(SolutionConfigurationPlatforms) = preSolution
		Debug|Any CPU = Debug|Any CPU
		Release|Any CPU = Release|Any CPU
	EndGlobalSection
	GlobalSection(ProjectConfigurationPlatforms) = postSolution
		{72C20E3D-E29C-4240-ADAC-3E1AF1D0D0E1}.Debug|Any CPU.ActiveCfg = Debug|Any CPU
		{72C20E3D-E29C-4240-ADAC-3E1AF1D0D0E1}.Debug|Any CPU.Build.0 = Debug|Any CPU
		{72C20E3D-E29C-4240-ADAC-3E1AF1D0D0E1}.Release|Any CPU.ActiveCfg = Release|Any CPU
		{72C20E3D-E29C-4240-ADAC-3E1AF1D0D0E1}.Release|Any CPU.Build.0 = Release|Any CPU
	EndGlobalSection
	GlobalSection(SolutionProperties) = preSolution
		HideSolutionNode = FALSE
	EndGlobalSection
	GlobalSection(ExtensibilityGlobals) = postSolution
		SolutionGuid = {4374B68F-4E54-4E16-91D8-F38B85D54D50}
	EndGlobalSection
EndGlobal
